
Microsoft Visual Studio Solution File, Format Version 12.00
# Visual Studio Version 17
VisualStudioVersion = 17.14.36429.23 d17.14
MinimumVisualStudioVersion = 10.0.40219.1
Project("{FAE04EC0-301F-11D3-BF4B-00C04F79EFBC}") = "JadooTravel", "JadooTravel\JadooTravel.csproj", "{464B3701-19D9-486F-8459-0F3DFB7D7540}"
EndProject
Global
	GlobalSection(SolutionConfigurationPlatforms) = preSolution
		Debug|Any CPU = Debug|Any CPU
		Release|Any CPU = Release|Any CPU
	EndGlobalSection
	GlobalSection(ProjectConfigurationPlatforms) = postSolution
		{464B3701-19D9-486F-8459-0F3DFB7D7540}.Debug|Any CPU.ActiveCfg = Debug|Any CPU
		{464B3701-19D9-486F-8459-0F3DFB7D7540}.Debug|Any CPU.Build.0 = Debug|Any CPU
		{464B3701-19D9-486F-8459-0F3DFB7D7540}.Release|Any CPU.ActiveCfg = Release|Any CPU
		{464B3701-19D9-486F-8459-0F3DFB7D7540}.Release|Any CPU.Build.0 = Release|Any CPU
	EndGlobalSection
	GlobalSection(SolutionProperties) = preSolution
		HideSolutionNode = FALSE
	EndGlobalSection
	GlobalSection(ExtensibilityGlobals) = postSolution
		SolutionGuid = {616C97DC-C0F6-4CF3-866A-18369F1AE5A4}
	EndGlobalSection
EndGlobal
